
Microsoft Visual Studio Solution File, Format Version 12.00
# Visual Studio Version 17
VisualStudioVersion = 17.11.35327.3
MinimumVisualStudioVersion = 10.0.40219.1
Project("{9A19103F-16F7-4668-BE54-9A1E7A4F7556}") = "Factura", "Factura.csproj", "{B46D7AA5-6460-4473-96C6-323D583712B6}"
EndProject
Project("{2150E333-8FDC-42A3-9474-1A3956D46DE8}") = "Application", "Application", "{4912E7B5-15AD-46F4-97A8-932C21BAFA90}"
EndProject
Project("{2150E333-8FDC-42A3-9474-1A3956D46DE8}") = "Services", "Services", "{4E5BCBFC-CD1B-40A3-BE16-E473520A33E5}"
EndProject
Project("{2150E333-8FDC-42A3-9474-1A3956D46DE8}") = "Core", "Core", "{DD7393B5-8D13-4B6C-98C8-406985D67A5C}"
EndProject
Project("{2150E333-8FDC-42A3-9474-1A3956D46DE8}") = "Infrastructure", "Infrastructure", "{1D69F60B-0155-491E-8D2A-953AFF060B84}"
EndProject
Project("{2150E333-8FDC-42A3-9474-1A3956D46DE8}") = "Utility", "Utility", "{42C26CDB-67A2-4128-84E2-8C93BC1AE4F1}"
EndProject
Project("{2150E333-8FDC-42A3-9474-1A3956D46DE8}") = "Security", "Security", "{43B591AC-18C2-4E42-9F60-9A31180ACC57}"
EndProject
Project("{FAE04EC0-301F-11D3-BF4B-00C04F79EFBC}") = "BE", "..\BE\BE.csproj", "{82E57AD3-C6B0-4C70-A0C9-B3665D71CDAE}"
EndProject
Project("{FAE04EC0-301F-11D3-BF4B-00C04F79EFBC}") = "VM", "..\VM\VM.csproj", "{410497B4-2825-4EDD-9B15-79385FA25A03}"
EndProject
Project("{FAE04EC0-301F-11D3-BF4B-00C04F79EFBC}") = "DL", "..\DL\DL.csproj", "{8BEC1932-563D-4F02-90BA-3D35FB31AF74}"
EndProject
Project("{FAE04EC0-301F-11D3-BF4B-00C04F79EFBC}") = "SE", "..\SE\SE.csproj", "{D09204D0-A163-4695-ACCF-ADF2E6D8058A}"
EndProject
Project("{9A19103F-16F7-4668-BE54-9A1E7A4F7556}") = "AccountService", "..\AccountService\AccountService.csproj", "{B96C458D-8E0D-4E39-A3DF-7F0EDE49908A}"
EndProject
Project("{9A19103F-16F7-4668-BE54-9A1E7A4F7556}") = "AdminService", "..\AdminService\AdminService.csproj", "{9131387B-7F7C-4959-9422-A034DA992659}"
EndProject
Project("{9A19103F-16F7-4668-BE54-9A1E7A4F7556}") = "CustomerService", "..\CustomerService\CustomerService.csproj", "{F5DE3A36-9997-48D4-B2B9-AC92CDAF76FF}"
EndProject
Project("{FAE04EC0-301F-11D3-BF4B-00C04F79EFBC}") = "Utility", "..\Utility\Utility\Utility.csproj", "{1948BC16-07C4-460D-934F-FCD17FAB1825}"
EndProject
Project("{2150E333-8FDC-42A3-9474-1A3956D46DE8}") = "BussinessLayer", "BussinessLayer", "{11B46BEF-9632-4243-A1FD-CE4177DF6FF5}"
EndProject
Project("{FAE04EC0-301F-11D3-BF4B-00C04F79EFBC}") = "BL", "..\BL\BL.csproj", "{40D55178-653F-474C-92D4-F551461D6D3F}"
EndProject
Global
	GlobalSection(SolutionConfigurationPlatforms) = preSolution
		Debug|Any CPU = Debug|Any CPU
		Release|Any CPU = Release|Any CPU
	EndGlobalSection
	GlobalSection(ProjectConfigurationPlatforms) = postSolution
		{B46D7AA5-6460-4473-96C6-323D583712B6}.Debug|Any CPU.ActiveCfg = Debug|Any CPU
		{B46D7AA5-6460-4473-96C6-323D583712B6}.Debug|Any CPU.Build.0 = Debug|Any CPU
		{B46D7AA5-6460-4473-96C6-323D583712B6}.Release|Any CPU.ActiveCfg = Release|Any CPU
		{B46D7AA5-6460-4473-96C6-323D583712B6}.Release|Any CPU.Build.0 = Release|Any CPU
		{82E57AD3-C6B0-4C70-A0C9-B3665D71CDAE}.Debug|Any CPU.ActiveCfg = Debug|Any CPU
		{82E57AD3-C6B0-4C70-A0C9-B3665D71CDAE}.Debug|Any CPU.Build.0 = Debug|Any CPU
		{82E57AD3-C6B0-4C70-A0C9-B3665D71CDAE}.Release|Any CPU.ActiveCfg = Release|Any CPU
		{82E57AD3-C6B0-4C70-A0C9-B3665D71CDAE}.Release|Any CPU.Build.0 = Release|Any CPU
		{410497B4-2825-4EDD-9B15-79385FA25A03}.Debug|Any CPU.ActiveCfg = Debug|Any CPU
		{410497B4-2825-4EDD-9B15-79385FA25A03}.Debug|Any CPU.Build.0 = Debug|Any CPU
		{410497B4-2825-4EDD-9B15-79385FA25A03}.Release|Any CPU.ActiveCfg = Release|Any CPU
		{410497B4-2825-4EDD-9B15-79385FA25A03}.Release|Any CPU.Build.0 = Release|Any CPU
		{8BEC1932-563D-4F02-90BA-3D35FB31AF74}.Debug|Any CPU.ActiveCfg = Debug|Any CPU
		{8BEC1932-563D-4F02-90BA-3D35FB31AF74}.Debug|Any CPU.Build.0 = Debug|Any CPU
		{8BEC1932-563D-4F02-90BA-3D35FB31AF74}.Release|Any CPU.ActiveCfg = Release|Any CPU
		{8BEC1932-563D-4F02-90BA-3D35FB31AF74}.Release|Any CPU.Build.0 = Release|Any CPU
		{D09204D0-A163-4695-ACCF-ADF2E6D8058A}.Debug|Any CPU.ActiveCfg = Debug|Any CPU
		{D09204D0-A163-4695-ACCF-ADF2E6D8058A}.Debug|Any CPU.Build.0 = Debug|Any CPU
		{D09204D0-A163-4695-ACCF-ADF2E6D8058A}.Release|Any CPU.ActiveCfg = Release|Any CPU
		{D09204D0-A163-4695-ACCF-ADF2E6D8058A}.Release|Any CPU.Build.0 = Release|Any CPU
		{B96C458D-8E0D-4E39-A3DF-7F0EDE49908A}.Debug|Any CPU.ActiveCfg = Debug|Any CPU
		{B96C458D-8E0D-4E39-A3DF-7F0EDE49908A}.Debug|Any CPU.Build.0 = Debug|Any CPU
		{B96C458D-8E0D-4E39-A3DF-7F0EDE49908A}.Release|Any CPU.ActiveCfg = Release|Any CPU
		{B96C458D-8E0D-4E39-A3DF-7F0EDE49908A}.Release|Any CPU.Build.0 = Release|Any CPU
		{9131387B-7F7C-4959-9422-A034DA992659}.Debug|Any CPU.ActiveCfg = Debug|Any CPU
		{9131387B-7F7C-4959-9422-A034DA992659}.Debug|Any CPU.Build.0 = Debug|Any CPU
		{9131387B-7F7C-4959-9422-A034DA992659}.Release|Any CPU.ActiveCfg = Release|Any CPU
		{9131387B-7F7C-4959-9422-A034DA992659}.Release|Any CPU.Build.0 = Release|Any CPU
		{F5DE3A36-9997-48D4-B2B9-AC92CDAF76FF}.Debug|Any CPU.ActiveCfg = Debug|Any CPU
		{F5DE3A36-9997-48D4-B2B9-AC92CDAF76FF}.Debug|Any CPU.Build.0 = Debug|Any CPU
		{F5DE3A36-9997-48D4-B2B9-AC92CDAF76FF}.Release|Any CPU.ActiveCfg = Release|Any CPU
		{F5DE3A36-9997-48D4-B2B9-AC92CDAF76FF}.Release|Any CPU.Build.0 = Release|Any CPU
		{1948BC16-07C4-460D-934F-FCD17FAB1825}.Debug|Any CPU.ActiveCfg = Debug|Any CPU
		{1948BC16-07C4-460D-934F-FCD17FAB1825}.Debug|Any CPU.Build.0 = Debug|Any CPU
		{1948BC16-07C4-460D-934F-FCD17FAB1825}.Release|Any CPU.ActiveCfg = Release|Any CPU
		{1948BC16-07C4-460D-934F-FCD17FAB1825}.Release|Any CPU.Build.0 = Release|Any CPU
		{40D55178-653F-474C-92D4-F551461D6D3F}.Debug|Any CPU.ActiveCfg = Debug|Any CPU
		{40D55178-653F-474C-92D4-F551461D6D3F}.Debug|Any CPU.Build.0 = Debug|Any CPU
		{40D55178-653F-474C-92D4-F551461D6D3F}.Release|Any CPU.ActiveCfg = Release|Any CPU
		{40D55178-653F-474C-92D4-F551461D6D3F}.Release|Any CPU.Build.0 = Release|Any CPU
	EndGlobalSection
	GlobalSection(SolutionProperties) = preSolution
		HideSolutionNode = FALSE
	EndGlobalSection
	GlobalSection(NestedProjects) = preSolution
		{B46D7AA5-6460-4473-96C6-323D583712B6} = {4912E7B5-15AD-46F4-97A8-932C21BAFA90}
		{82E57AD3-C6B0-4C70-A0C9-B3665D71CDAE} = {DD7393B5-8D13-4B6C-98C8-406985D67A5C}
		{410497B4-2825-4EDD-9B15-79385FA25A03} = {DD7393B5-8D13-4B6C-98C8-406985D67A5C}
		{8BEC1932-563D-4F02-90BA-3D35FB31AF74} = {1D69F60B-0155-491E-8D2A-953AFF060B84}
		{D09204D0-A163-4695-ACCF-ADF2E6D8058A} = {43B591AC-18C2-4E42-9F60-9A31180ACC57}
		{B96C458D-8E0D-4E39-A3DF-7F0EDE49908A} = {4E5BCBFC-CD1B-40A3-BE16-E473520A33E5}
		{9131387B-7F7C-4959-9422-A034DA992659} = {4E5BCBFC-CD1B-40A3-BE16-E473520A33E5}
		{F5DE3A36-9997-48D4-B2B9-AC92CDAF76FF} = {4E5BCBFC-CD1B-40A3-BE16-E473520A33E5}
		{1948BC16-07C4-460D-934F-FCD17FAB1825} = {42C26CDB-67A2-4128-84E2-8C93BC1AE4F1}
		{40D55178-653F-474C-92D4-F551461D6D3F} = {11B46BEF-9632-4243-A1FD-CE4177DF6FF5}
	EndGlobalSection
	GlobalSection(ExtensibilityGlobals) = postSolution
		SolutionGuid = {83ED63C6-5BC8-4B63-8B42-BB211ACA9E68}
	EndGlobalSection
EndGlobal
